
Microsoft Visual Studio Solution File, Format Version 12.00
# Visual Studio Version 17
VisualStudioVersion = 17.8.34525.116
MinimumVisualStudioVersion = 10.0.40219.1
Project("{FAE04EC0-301F-11D3-BF4B-00C04F79EFBC}") = "ExpandedMatrix", "ExpandedMatrix.csproj", "{D42EEE47-9320-4335-94E9-A6DF0F590D69}"
EndProject
Global
	GlobalSection(SolutionConfigurationPlatforms) = preSolution
		Debug|Any CPU = Debug|Any CPU
		Release|Any CPU = Release|Any CPU
	EndGlobalSection
	GlobalSection(ProjectConfigurationPlatforms) = postSolution
		{D42EEE47-9320-4335-94E9-A6DF0F590D69}.Debug|Any CPU.ActiveCfg = Debug|Any CPU
		{D42EEE47-9320-4335-94E9-A6DF0F590D69}.Debug|Any CPU.Build.0 = Debug|Any CPU
		{D42EEE47-9320-4335-94E9-A6DF0F590D69}.Release|Any CPU.ActiveCfg = Release|Any CPU
		{D42EEE47-9320-4335-94E9-A6DF0F590D69}.Release|Any CPU.Build.0 = Release|Any CPU
	EndGlobalSection
	GlobalSection(SolutionProperties) = preSolution
		HideSolutionNode = FALSE
	EndGlobalSection
	GlobalSection(ExtensibilityGlobals) = postSolution
		SolutionGuid = {8CFC505C-1EFD-41A8-A816-C6AF76D2EC08}
	EndGlobalSection
EndGlobal
